{
  "name": "ElderGymBroApp",
  "lockfileVersion": 3,
  "requires": true,
  "packages": {
    "": {
      "dependencies": {
        "react-weekly-day-picker": "^1.0.3"
      }
    },
    "node_modules/moment": {
      "version": "2.30.1",
      "resolved": "https://registry.npmjs.org/moment/-/moment-2.30.1.tgz",
      "integrity": "sha512-uEmtNhbDOrWPFS+hdjFCBfy9f2YoyzRpwcl+DqpC6taX21FzsTLQVbMV/W7PzNSX6x/bhC1zA3c2UQ5NzH6how==",
      "engines": {
        "node": "*"
      }
    },
    "node_modules/react-weekly-day-picker": {
      "version": "1.0.3",
      "resolved": "https://registry.npmjs.org/react-weekly-day-picker/-/react-weekly-day-picker-1.0.3.tgz",
      "integrity": "sha512-6hmwOrO4adxkMAV/GbRTzW/S2rEV+X6i8FKz+zoPJ7xUhOufPNuvbBHzWb4Yf6XCkM50tu9sdl93tRyyAkUjMQ==",
      "dependencies": {
        "moment": "^2.18.1"
      }
    }
  }
}
